
Microsoft Visual Studio Solution File, Format Version 12.00
# Visual Studio Version 16
VisualStudioVersion = 16.0.30503.244
MinimumVisualStudioVersion = 10.0.40219.1
EndProject
Global
	GlobalSection(SolutionConfigurationPlatforms) = preSolution
		Debug|Any CPU = Debug|Any CPU
		Release|Any CPU = Release|Any CPU
	EndGlobalSection
	GlobalSection(ProjectConfigurationPlatforms) = postSolution
		{0CF4E52D-A5F1-45AF-B433-1DEB20212BCC}.Debug|Any CPU.ActiveCfg = Debug|Any CPU
		{0CF4E52D-A5F1-45AF-B433-1DEB20212BCC}.Debug|Any CPU.Build.0 = Debug|Any CPU
		{0CF4E52D-A5F1-45AF-B433-1DEB20212BCC}.Release|Any CPU.ActiveCfg = Release|Any CPU
		{0CF4E52D-A5F1-45AF-B433-1DEB20212BCC}.Release|Any CPU.Build.0 = Release|Any CPU
	EndGlobalSection
	GlobalSection(SolutionProperties) = preSolution
		HideSolutionNode = FALSE
	EndGlobalSection
	GlobalSection(ExtensibilityGlobals) = postSolution
		SolutionGuid = {E50928B7-7FEF-4307-AA71-1DB7AABBF46D}
	EndGlobalSection
EndGlobal
